
Microsoft Visual Studio Solution File, Format Version 12.00
# Visual Studio Version 17
VisualStudioVersion = 17.8.34330.188
MinimumVisualStudioVersion = 10.0.40219.1
Project("{FAE04EC0-301F-11D3-BF4B-00C04F79EFBC}") = "ProductManagementWeb", "ProductManagementWeb\ProductManagementWeb.csproj", "{820A7FE7-DB63-4679-992A-738A710FF34B}"
EndProject
Global
	GlobalSection(SolutionConfigurationPlatforms) = preSolution
		Debug|Any CPU = Debug|Any CPU
		Release|Any CPU = Release|Any CPU
	EndGlobalSection
	GlobalSection(ProjectConfigurationPlatforms) = postSolution
		{820A7FE7-DB63-4679-992A-738A710FF34B}.Debug|Any CPU.ActiveCfg = Debug|Any CPU
		{820A7FE7-DB63-4679-992A-738A710FF34B}.Debug|Any CPU.Build.0 = Debug|Any CPU
		{820A7FE7-DB63-4679-992A-738A710FF34B}.Release|Any CPU.ActiveCfg = Release|Any CPU
		{820A7FE7-DB63-4679-992A-738A710FF34B}.Release|Any CPU.Build.0 = Release|Any CPU
	EndGlobalSection
	GlobalSection(SolutionProperties) = preSolution
		HideSolutionNode = FALSE
	EndGlobalSection
	GlobalSection(ExtensibilityGlobals) = postSolution
		SolutionGuid = {5767C637-2B43-4DB5-A0F5-46B014640617}
	EndGlobalSection
EndGlobal
